
Microsoft Visual Studio Solution File, Format Version 12.00
# Visual Studio Version 17
VisualStudioVersion = 17.0.32112.339
MinimumVisualStudioVersion = 10.0.40219.1
Project("{FAE04EC0-301F-11D3-BF4B-00C04F79EFBC}") = "DbScript", "DbScript\DbScript.csproj", "{F5D35431-7F5C-47A5-8416-BB745EF85A9D}"
EndProject
Global
	GlobalSection(SolutionConfigurationPlatforms) = preSolution
		Debug|Any CPU = Debug|Any CPU
		Release|Any CPU = Release|Any CPU
	EndGlobalSection
	GlobalSection(ProjectConfigurationPlatforms) = postSolution
		{F5D35431-7F5C-47A5-8416-BB745EF85A9D}.Debug|Any CPU.ActiveCfg = Debug|Any CPU
		{F5D35431-7F5C-47A5-8416-BB745EF85A9D}.Debug|Any CPU.Build.0 = Debug|Any CPU
		{F5D35431-7F5C-47A5-8416-BB745EF85A9D}.Release|Any CPU.ActiveCfg = Release|Any CPU
		{F5D35431-7F5C-47A5-8416-BB745EF85A9D}.Release|Any CPU.Build.0 = Release|Any CPU
	EndGlobalSection
	GlobalSection(SolutionProperties) = preSolution
		HideSolutionNode = FALSE
	EndGlobalSection
	GlobalSection(ExtensibilityGlobals) = postSolution
		SolutionGuid = {1F238EEA-4364-4783-9F02-E4173D949DCA}
	EndGlobalSection
EndGlobal
